github.com/h2non/go-is-svg v0.0.0-20160927212452-35e8c4b0612c h1:fEE5/5VNnYUoBOj2I9TP8Jc+a7lge3QWn9DKE7NCwfc=
github.com/h2non/go-is-svg v0.0.0-20160927212452-35e8c4b0612c/go.mod h1:ObS/W+h8RYb1Y7fYivughjxojTmIu5iAIjSrSLCLeqE=
github.com/jimareed/drawing v0.0.0-20200720222254-9cce50db9613 h1:qxbnmBJp4FJy7kDm4iKenNA4J23FXjzGuu7qhtQslAs=
github.com/jimareed/drawing v0.0.0-20200720222254-9cce50db9613/go.mod h1:SROCq5NGzIMCzZrcjWAmad0JJiGvqUPkYDaMG/4KvY4=
